// !$*UTF8*$!
{
	archiveVersion = 1;
	classes = {
	};
	objectVersion = 56;
	objects = {

/* Begin PBXBuildFile section */
		8F053CC42A38B48D00BEDC34 /* main.cpp in Sources */ = {isa = PBXBuildFile; fileRef = 8F053CC32A38B48D00BEDC34 /* main.cpp */; };
		8F053CCC2A38B4D300BEDC34 /* SDL2.framework in Frameworks */ = {isa = PBXBuildFile; fileRef = 8F053CCB2A38B4D300BEDC34 /* SDL2.framework */; };
		8F053CD82A39E8EF00BEDC34 /* SDL2_image.framework in Frameworks */ = {isa = PBXBuildFile; fileRef = 8F053CD72A39E8EF00BEDC34 /* SDL2_image.framework */; };
		8F1070602A77E98F00A2543A /* VelocityTime.cpp in Sources */ = {isa = PBXBuildFile; fileRef = 8F10705E2A77E98F00A2543A /* VelocityTime.cpp */; };
		8F25C9182A7810C8007D8B5F /* ScoreBox.cpp in Sources */ = {isa = PBXBuildFile; fileRef = 8F25C9162A7810C8007D8B5F /* ScoreBox.cpp */; };
		8F309D182A3B5C9100E717B3 /* SDL2_ttf.framework in Frameworks */ = {isa = PBXBuildFile; fileRef = 8F309D172A3B5C9100E717B3 /* SDL2_ttf.framework */; };
		8F38B9132A696BA600AA733A /* Bullet.cpp in Sources */ = {isa = PBXBuildFile; fileRef = 8F38B9112A696BA600AA733A /* Bullet.cpp */; };
		8F38B9162A698B3400AA733A /* Time.cpp in Sources */ = {isa = PBXBuildFile; fileRef = 8F38B9142A698B3400AA733A /* Time.cpp */; };
		8F3F87432A583EA2002C4A1F /* sdl2.cpp in Sources */ = {isa = PBXBuildFile; fileRef = 8F3F87412A583EA2002C4A1F /* sdl2.cpp */; };
		8F3F874C2A584097002C4A1F /* CircleDraw.cpp in Sources */ = {isa = PBXBuildFile; fileRef = 8F3F874A2A584097002C4A1F /* CircleDraw.cpp */; };
		8F3F874F2A5840A7002C4A1F /* CInscribedTriangle.cpp in Sources */ = {isa = PBXBuildFile; fileRef = 8F3F874D2A5840A7002C4A1F /* CInscribedTriangle.cpp */; };
		8F68FB8B2A6AB681000F9DA2 /* Ship.cpp in Sources */ = {isa = PBXBuildFile; fileRef = 8F68FB892A6AB681000F9DA2 /* Ship.cpp */; };
		8F68FB8E2A6ABB15000F9DA2 /* Asteroid.cpp in Sources */ = {isa = PBXBuildFile; fileRef = 8F68FB8C2A6ABB15000F9DA2 /* Asteroid.cpp */; };
		8F96CE592A714FB500F61EA1 /* TempObjectLifetimeManager.cpp in Sources */ = {isa = PBXBuildFile; fileRef = 8F96CE572A714FB500F61EA1 /* TempObjectLifetimeManager.cpp */; };
		8F96CE5C2A715D6D00F61EA1 /* PathPoints.cpp in Sources */ = {isa = PBXBuildFile; fileRef = 8F96CE5A2A715D6D00F61EA1 /* PathPoints.cpp */; };
		8FC591F52A6EA64A00667439 /* CInscribedShape.cpp in Sources */ = {isa = PBXBuildFile; fileRef = 8FC591F32A6EA64A00667439 /* CInscribedShape.cpp */; };
/* End PBXBuildFile section */

/* Begin PBXCopyFilesBuildPhase section */
		8F053CBE2A38B48D00BEDC34 /* CopyFiles */ = {
			isa = PBXCopyFilesBuildPhase;
			buildActionMask = 2147483647;
			dstPath = /usr/share/man/man1/;
			dstSubfolderSpec = 0;
			files = (
			);
			runOnlyForDeploymentPostprocessing = 1;
		};
/* End PBXCopyFilesBuildPhase section */

/* Begin PBXFileReference section */
		8F053CC02A38B48D00BEDC34 /* SDL_TEST */ = {isa = PBXFileReference; explicitFileType = "compiled.mach-o.executable"; includeInIndex = 0; path = SDL_TEST; sourceTree = BUILT_PRODUCTS_DIR; };
		8F053CC32A38B48D00BEDC34 /* main.cpp */ = {isa = PBXFileReference; lastKnownFileType = sourcecode.cpp.cpp; path = main.cpp; sourceTree = "<group>"; };
		8F053CCB2A38B4D300BEDC34 /* SDL2.framework */ = {isa = PBXFileReference; lastKnownFileType = wrapper.framework; name = SDL2.framework; path = ../../../../Library/Frameworks/SDL2.framework; sourceTree = "<group>"; };
		8F053CD72A39E8EF00BEDC34 /* SDL2_image.framework */ = {isa = PBXFileReference; lastKnownFileType = wrapper.framework; name = SDL2_image.framework; path = ../../../../Library/Frameworks/SDL2_image.framework; sourceTree = "<group>"; };
		8F10705E2A77E98F00A2543A /* VelocityTime.cpp */ = {isa = PBXFileReference; lastKnownFileType = sourcecode.cpp.cpp; path = VelocityTime.cpp; sourceTree = "<group>"; };
		8F10705F2A77E98F00A2543A /* VelocityTime.hpp */ = {isa = PBXFileReference; lastKnownFileType = sourcecode.cpp.h; path = VelocityTime.hpp; sourceTree = "<group>"; };
		8F25C9162A7810C8007D8B5F /* ScoreBox.cpp */ = {isa = PBXFileReference; lastKnownFileType = sourcecode.cpp.cpp; path = ScoreBox.cpp; sourceTree = "<group>"; };
		8F25C9172A7810C8007D8B5F /* ScoreBox.hpp */ = {isa = PBXFileReference; lastKnownFileType = sourcecode.cpp.h; path = ScoreBox.hpp; sourceTree = "<group>"; };
		8F309D172A3B5C9100E717B3 /* SDL2_ttf.framework */ = {isa = PBXFileReference; lastKnownFileType = wrapper.framework; name = SDL2_ttf.framework; path = ../../../../Library/Frameworks/SDL2_ttf.framework; sourceTree = "<group>"; };
		8F38B9112A696BA600AA733A /* Bullet.cpp */ = {isa = PBXFileReference; lastKnownFileType = sourcecode.cpp.cpp; path = Bullet.cpp; sourceTree = "<group>"; };
		8F38B9122A696BA600AA733A /* Bullet.hpp */ = {isa = PBXFileReference; lastKnownFileType = sourcecode.cpp.h; path = Bullet.hpp; sourceTree = "<group>"; };
		8F38B9142A698B3400AA733A /* Time.cpp */ = {isa = PBXFileReference; lastKnownFileType = sourcecode.cpp.cpp; path = Time.cpp; sourceTree = "<group>"; };
		8F38B9152A698B3400AA733A /* Time.hpp */ = {isa = PBXFileReference; lastKnownFileType = sourcecode.cpp.h; path = Time.hpp; sourceTree = "<group>"; };
		8F3F87412A583EA2002C4A1F /* sdl2.cpp */ = {isa = PBXFileReference; lastKnownFileType = sourcecode.cpp.cpp; path = sdl2.cpp; sourceTree = "<group>"; };
		8F3F87422A583EA2002C4A1F /* sdl2.hpp */ = {isa = PBXFileReference; lastKnownFileType = sourcecode.cpp.h; path = sdl2.hpp; sourceTree = "<group>"; };
		8F3F87442A583F98002C4A1F /* LineDraw.cpp */ = {isa = PBXFileReference; lastKnownFileType = sourcecode.cpp.cpp; path = LineDraw.cpp; sourceTree = "<group>"; };
		8F3F87452A583F98002C4A1F /* LineDraw.hpp */ = {isa = PBXFileReference; lastKnownFileType = sourcecode.cpp.h; path = LineDraw.hpp; sourceTree = "<group>"; };
		8F3F87482A583FFE002C4A1F /* Utils.hpp */ = {isa = PBXFileReference; lastKnownFileType = sourcecode.cpp.h; path = Utils.hpp; sourceTree = "<group>"; };
		8F3F874A2A584097002C4A1F /* CircleDraw.cpp */ = {isa = PBXFileReference; lastKnownFileType = sourcecode.cpp.cpp; path = CircleDraw.cpp; sourceTree = "<group>"; };
		8F3F874B2A584097002C4A1F /* CircleDraw.hpp */ = {isa = PBXFileReference; lastKnownFileType = sourcecode.cpp.h; path = CircleDraw.hpp; sourceTree = "<group>"; };
		8F3F874D2A5840A7002C4A1F /* CInscribedTriangle.cpp */ = {isa = PBXFileReference; lastKnownFileType = sourcecode.cpp.cpp; path = CInscribedTriangle.cpp; sourceTree = "<group>"; };
		8F3F874E2A5840A7002C4A1F /* CInscribedTriangle.hpp */ = {isa = PBXFileReference; lastKnownFileType = sourcecode.cpp.h; path = CInscribedTriangle.hpp; sourceTree = "<group>"; };
		8F3F87512A5840B8002C4A1F /* Flags.hpp */ = {isa = PBXFileReference; lastKnownFileType = sourcecode.cpp.h; path = Flags.hpp; sourceTree = "<group>"; };
		8F68FB892A6AB681000F9DA2 /* Ship.cpp */ = {isa = PBXFileReference; lastKnownFileType = sourcecode.cpp.cpp; path = Ship.cpp; sourceTree = "<group>"; };
		8F68FB8A2A6AB681000F9DA2 /* Ship.hpp */ = {isa = PBXFileReference; lastKnownFileType = sourcecode.cpp.h; path = Ship.hpp; sourceTree = "<group>"; };
		8F68FB8C2A6ABB15000F9DA2 /* Asteroid.cpp */ = {isa = PBXFileReference; lastKnownFileType = sourcecode.cpp.cpp; path = Asteroid.cpp; sourceTree = "<group>"; };
		8F68FB8D2A6ABB15000F9DA2 /* Asteroid.hpp */ = {isa = PBXFileReference; lastKnownFileType = sourcecode.cpp.h; path = Asteroid.hpp; sourceTree = "<group>"; };
		8F96CE572A714FB500F61EA1 /* TempObjectLifetimeManager.cpp */ = {isa = PBXFileReference; lastKnownFileType = sourcecode.cpp.cpp; path = TempObjectLifetimeManager.cpp; sourceTree = "<group>"; };
		8F96CE582A714FB500F61EA1 /* TempObjectLifetimeManager.hpp */ = {isa = PBXFileReference; lastKnownFileType = sourcecode.cpp.h; path = TempObjectLifetimeManager.hpp; sourceTree = "<group>"; };
		8F96CE5A2A715D6D00F61EA1 /* PathPoints.cpp */ = {isa = PBXFileReference; lastKnownFileType = sourcecode.cpp.cpp; path = PathPoints.cpp; sourceTree = "<group>"; };
		8F96CE5B2A715D6D00F61EA1 /* PathPoints.hpp */ = {isa = PBXFileReference; lastKnownFileType = sourcecode.cpp.h; path = PathPoints.hpp; sourceTree = "<group>"; };
		8FC591F32A6EA64A00667439 /* CInscribedShape.cpp */ = {isa = PBXFileReference; lastKnownFileType = sourcecode.cpp.cpp; path = CInscribedShape.cpp; sourceTree = "<group>"; };
		8FC591F42A6EA64A00667439 /* CInscribedShape.hpp */ = {isa = PBXFileReference; lastKnownFileType = sourcecode.cpp.h; path = CInscribedShape.hpp; sourceTree = "<group>"; };
/* End PBXFileReference section */

/* Begin PBXFrameworksBuildPhase section */
		8F053CBD2A38B48D00BEDC34 /* Frameworks */ = {
			isa = PBXFrameworksBuildPhase;
			buildActionMask = 2147483647;
			files = (
				8F309D182A3B5C9100E717B3 /* SDL2_ttf.framework in Frameworks */,
				8F053CD82A39E8EF00BEDC34 /* SDL2_image.framework in Frameworks */,
				8F053CCC2A38B4D300BEDC34 /* SDL2.framework in Frameworks */,
			);
			runOnlyForDeploymentPostprocessing = 0;
		};
/* End PBXFrameworksBuildPhase section */

/* Begin PBXGroup section */
		8F053CB72A38B48D00BEDC34 = {
			isa = PBXGroup;
			children = (
				8F053CC22A38B48D00BEDC34 /* SDL_TEST */,
				8F053CC12A38B48D00BEDC34 /* Products */,
				8F053CCA2A38B4D300BEDC34 /* Frameworks */,
			);
			sourceTree = "<group>";
		};
		8F053CC12A38B48D00BEDC34 /* Products */ = {
			isa = PBXGroup;
			children = (
				8F053CC02A38B48D00BEDC34 /* SDL_TEST */,
			);
			name = Products;
			sourceTree = "<group>";
		};
		8F053CC22A38B48D00BEDC34 /* SDL_TEST */ = {
			isa = PBXGroup;
			children = (
				8F053CC32A38B48D00BEDC34 /* main.cpp */,
				8F3F87412A583EA2002C4A1F /* sdl2.cpp */,
				8F3F87422A583EA2002C4A1F /* sdl2.hpp */,
				8F3F87442A583F98002C4A1F /* LineDraw.cpp */,
				8F3F87452A583F98002C4A1F /* LineDraw.hpp */,
				8F3F87482A583FFE002C4A1F /* Utils.hpp */,
				8F3F874A2A584097002C4A1F /* CircleDraw.cpp */,
				8F3F874B2A584097002C4A1F /* CircleDraw.hpp */,
				8F3F874D2A5840A7002C4A1F /* CInscribedTriangle.cpp */,
				8F3F874E2A5840A7002C4A1F /* CInscribedTriangle.hpp */,
				8F3F87512A5840B8002C4A1F /* Flags.hpp */,
				8F38B9112A696BA600AA733A /* Bullet.cpp */,
				8F38B9122A696BA600AA733A /* Bullet.hpp */,
				8F38B9142A698B3400AA733A /* Time.cpp */,
				8F38B9152A698B3400AA733A /* Time.hpp */,
				8F68FB892A6AB681000F9DA2 /* Ship.cpp */,
				8F68FB8A2A6AB681000F9DA2 /* Ship.hpp */,
				8F68FB8C2A6ABB15000F9DA2 /* Asteroid.cpp */,
				8F68FB8D2A6ABB15000F9DA2 /* Asteroid.hpp */,
				8FC591F32A6EA64A00667439 /* CInscribedShape.cpp */,
				8FC591F42A6EA64A00667439 /* CInscribedShape.hpp */,
				8F96CE572A714FB500F61EA1 /* TempObjectLifetimeManager.cpp */,
				8F96CE582A714FB500F61EA1 /* TempObjectLifetimeManager.hpp */,
				8F96CE5A2A715D6D00F61EA1 /* PathPoints.cpp */,
				8F96CE5B2A715D6D00F61EA1 /* PathPoints.hpp */,
				8F10705E2A77E98F00A2543A /* VelocityTime.cpp */,
				8F10705F2A77E98F00A2543A /* VelocityTime.hpp */,
				8F25C9162A7810C8007D8B5F /* ScoreBox.cpp */,
				8F25C9172A7810C8007D8B5F /* ScoreBox.hpp */,
			);
			path = SDL_TEST;
			sourceTree = "<group>";
		};
		8F053CCA2A38B4D300BEDC34 /* Frameworks */ = {
			isa = PBXGroup;
			children = (
				8F309D172A3B5C9100E717B3 /* SDL2_ttf.framework */,
				8F053CD72A39E8EF00BEDC34 /* SDL2_image.framework */,
				8F053CCB2A38B4D300BEDC34 /* SDL2.framework */,
			);
			name = Frameworks;
			sourceTree = "<group>";
		};
/* End PBXGroup section */

/* Begin PBXNativeTarget section */
		8F053CBF2A38B48D00BEDC34 /* SDL_TEST */ = {
			isa = PBXNativeTarget;
			buildConfigurationList = 8F053CC72A38B48D00BEDC34 /* Build configuration list for PBXNativeTarget "SDL_TEST" */;
			buildPhases = (
				8F053CBC2A38B48D00BEDC34 /* Sources */,
				8F053CBD2A38B48D00BEDC34 /* Frameworks */,
				8F053CBE2A38B48D00BEDC34 /* CopyFiles */,
			);
			buildRules = (
			);
			dependencies = (
			);
			name = SDL_TEST;
			productName = SDL_TEST;
			productReference = 8F053CC02A38B48D00BEDC34 /* SDL_TEST */;
			productType = "com.apple.product-type.tool";
		};
/* End PBXNativeTarget section */

/* Begin PBXProject section */
		8F053CB82A38B48D00BEDC34 /* Project object */ = {
			isa = PBXProject;
			attributes = {
				BuildIndependentTargetsInParallel = 1;
				LastUpgradeCheck = 1420;
				TargetAttributes = {
					8F053CBF2A38B48D00BEDC34 = {
						CreatedOnToolsVersion = 14.2;
					};
				};
			};
			buildConfigurationList = 8F053CBB2A38B48D00BEDC34 /* Build configuration list for PBXProject "SDL_TEST" */;
			compatibilityVersion = "Xcode 14.0";
			developmentRegion = en;
			hasScannedForEncodings = 0;
			knownRegions = (
				en,
				Base,
			);
			mainGroup = 8F053CB72A38B48D00BEDC34;
			productRefGroup = 8F053CC12A38B48D00BEDC34 /* Products */;
			projectDirPath = "";
			projectRoot = "";
			targets = (
				8F053CBF2A38B48D00BEDC34 /* SDL_TEST */,
			);
		};
/* End PBXProject section */

/* Begin PBXSourcesBuildPhase section */
		8F053CBC2A38B48D00BEDC34 /* Sources */ = {
			isa = PBXSourcesBuildPhase;
			buildActionMask = 2147483647;
			files = (
				8F68FB8E2A6ABB15000F9DA2 /* Asteroid.cpp in Sources */,
				8F96CE592A714FB500F61EA1 /* TempObjectLifetimeManager.cpp in Sources */,
				8F38B9162A698B3400AA733A /* Time.cpp in Sources */,
				8F38B9132A696BA600AA733A /* Bullet.cpp in Sources */,
				8F3F87432A583EA2002C4A1F /* sdl2.cpp in Sources */,
				8F053CC42A38B48D00BEDC34 /* main.cpp in Sources */,
				8F3F874C2A584097002C4A1F /* CircleDraw.cpp in Sources */,
				8F1070602A77E98F00A2543A /* VelocityTime.cpp in Sources */,
				8F3F874F2A5840A7002C4A1F /* CInscribedTriangle.cpp in Sources */,
				8F25C9182A7810C8007D8B5F /* ScoreBox.cpp in Sources */,
				8FC591F52A6EA64A00667439 /* CInscribedShape.cpp in Sources */,
				8F68FB8B2A6AB681000F9DA2 /* Ship.cpp in Sources */,
				8F96CE5C2A715D6D00F61EA1 /* PathPoints.cpp in Sources */,
			);
			runOnlyForDeploymentPostprocessing = 0;
		};
/* End PBXSourcesBuildPhase section */

/* Begin XCBuildConfiguration section */
		8F053CC52A38B48D00BEDC34 /* Debug */ = {
			isa = XCBuildConfiguration;
			buildSettings = {
				ALWAYS_SEARCH_USER_PATHS = NO;
				CLANG_ANALYZER_NONNULL = YES;
				CLANG_ANALYZER_NUMBER_OBJECT_CONVERSION = YES_AGGRESSIVE;
				CLANG_CXX_LANGUAGE_STANDARD = "gnu++20";
				CLANG_ENABLE_MODULES = YES;
				CLANG_ENABLE_OBJC_ARC = YES;
				CLANG_ENABLE_OBJC_WEAK = YES;
				CLANG_WARN_BLOCK_CAPTURE_AUTORELEASING = YES;
				CLANG_WARN_BOOL_CONVERSION = YES;
				CLANG_WARN_COMMA = YES;
				CLANG_WARN_CONSTANT_CONVERSION = YES;
				CLANG_WARN_DEPRECATED_OBJC_IMPLEMENTATIONS = YES;
				CLANG_WARN_DIRECT_OBJC_ISA_USAGE = YES_ERROR;
				CLANG_WARN_DOCUMENTATION_COMMENTS = YES;
				CLANG_WARN_EMPTY_BODY = YES;
				CLANG_WARN_ENUM_CONVERSION = YES;
				CLANG_WARN_INFINITE_RECURSION = YES;
				CLANG_WARN_INT_CONVERSION = YES;
				CLANG_WARN_NON_LITERAL_NULL_CONVERSION = YES;
				CLANG_WARN_OBJC_IMPLICIT_RETAIN_SELF = YES;
				CLANG_WARN_OBJC_LITERAL_CONVERSION = YES;
				CLANG_WARN_OBJC_ROOT_CLASS = YES_ERROR;
				CLANG_WARN_QUOTED_INCLUDE_IN_FRAMEWORK_HEADER = YES;
				CLANG_WARN_RANGE_LOOP_ANALYSIS = YES;
				CLANG_WARN_STRICT_PROTOTYPES = YES;
				CLANG_WARN_SUSPICIOUS_MOVE = YES;
				CLANG_WARN_UNGUARDED_AVAILABILITY = YES_AGGRESSIVE;
				CLANG_WARN_UNREACHABLE_CODE = YES;
				CLANG_WARN__DUPLICATE_METHOD_MATCH = YES;
				COPY_PHASE_STRIP = NO;
				DEBUG_INFORMATION_FORMAT = dwarf;
				ENABLE_STRICT_OBJC_MSGSEND = YES;
				ENABLE_TESTABILITY = YES;
				GCC_C_LANGUAGE_STANDARD = gnu11;
				GCC_DYNAMIC_NO_PIC = NO;
				GCC_NO_COMMON_BLOCKS = YES;
				GCC_OPTIMIZATION_LEVEL = 0;
				GCC_PREPROCESSOR_DEFINITIONS = (
					"DEBUG=1",
					"$(inherited)",
				);
				GCC_WARN_64_TO_32_BIT_CONVERSION = YES;
				GCC_WARN_ABOUT_RETURN_TYPE = YES_ERROR;
				GCC_WARN_UNDECLARED_SELECTOR = YES;
				GCC_WARN_UNINITIALIZED_AUTOS = YES_AGGRESSIVE;
				GCC_WARN_UNUSED_FUNCTION = YES;
				GCC_WARN_UNUSED_VARIABLE = YES;
				MACOSX_DEPLOYMENT_TARGET = 12.6;
				MTL_ENABLE_DEBUG_INFO = INCLUDE_SOURCE;
				MTL_FAST_MATH = YES;
				ONLY_ACTIVE_ARCH = YES;
				SDKROOT = macosx;
			};
			name = Debug;
		};
		8F053CC62A38B48D00BEDC34 /* Release */ = {
			isa = XCBuildConfiguration;
			buildSettings = {
				ALWAYS_SEARCH_USER_PATHS = NO;
				CLANG_ANALYZER_NONNULL = YES;
				CLANG_ANALYZER_NUMBER_OBJECT_CONVERSION = YES_AGGRESSIVE;
				CLANG_CXX_LANGUAGE_STANDARD = "gnu++20";
				CLANG_ENABLE_MODULES = YES;
				CLANG_ENABLE_OBJC_ARC = YES;
				CLANG_ENABLE_OBJC_WEAK = YES;
				CLANG_WARN_BLOCK_CAPTURE_AUTORELEASING = YES;
				CLANG_WARN_BOOL_CONVERSION = YES;
				CLANG_WARN_COMMA = YES;
				CLANG_WARN_CONSTANT_CONVERSION = YES;
				CLANG_WARN_DEPRECATED_OBJC_IMPLEMENTATIONS = YES;
				CLANG_WARN_DIRECT_OBJC_ISA_USAGE = YES_ERROR;
				CLANG_WARN_DOCUMENTATION_COMMENTS = YES;
				CLANG_WARN_EMPTY_BODY = YES;
				CLANG_WARN_ENUM_CONVERSION = YES;
				CLANG_WARN_INFINITE_RECURSION = YES;
				CLANG_WARN_INT_CONVERSION = YES;
				CLANG_WARN_NON_LITERAL_NULL_CONVERSION = YES;
				CLANG_WARN_OBJC_IMPLICIT_RETAIN_SELF = YES;
				CLANG_WARN_OBJC_LITERAL_CONVERSION = YES;
				CLANG_WARN_OBJC_ROOT_CLASS = YES_ERROR;
				CLANG_WARN_QUOTED_INCLUDE_IN_FRAMEWORK_HEADER = YES;
				CLANG_WARN_RANGE_LOOP_ANALYSIS = YES;
				CLANG_WARN_STRICT_PROTOTYPES = YES;
				CLANG_WARN_SUSPICIOUS_MOVE = YES;
				CLANG_WARN_UNGUARDED_AVAILABILITY = YES_AGGRESSIVE;
				CLANG_WARN_UNREACHABLE_CODE = YES;
				CLANG_WARN__DUPLICATE_METHOD_MATCH = YES;
				COPY_PHASE_STRIP = NO;
				DEBUG_INFORMATION_FORMAT = "dwarf-with-dsym";
				ENABLE_NS_ASSERTIONS = NO;
				ENABLE_STRICT_OBJC_MSGSEND = YES;
				GCC_C_LANGUAGE_STANDARD = gnu11;
				GCC_NO_COMMON_BLOCKS = YES;
				GCC_WARN_64_TO_32_BIT_CONVERSION = YES;
				GCC_WARN_ABOUT_RETURN_TYPE = YES_ERROR;
				GCC_WARN_UNDECLARED_SELECTOR = YES;
				GCC_WARN_UNINITIALIZED_AUTOS = YES_AGGRESSIVE;
				GCC_WARN_UNUSED_FUNCTION = YES;
				GCC_WARN_UNUSED_VARIABLE = YES;
				MACOSX_DEPLOYMENT_TARGET = 12.6;
				MTL_ENABLE_DEBUG_INFO = NO;
				MTL_FAST_MATH = YES;
				SDKROOT = macosx;
			};
			name = Release;
		};
		8F053CC82A38B48D00BEDC34 /* Debug */ = {
			isa = XCBuildConfiguration;
			buildSettings = {
				CODE_SIGN_STYLE = Automatic;
				COPY_HEADERS_RUN_UNIFDEF = NO;
				FRAMEWORK_SEARCH_PATHS = (
					"$(inherited)",
					"$(LOCAL_LIBRARY_DIR)/Frameworks",
				);
				GCC_NO_COMMON_BLOCKS = NO;
				PRODUCT_NAME = "$(TARGET_NAME)";
			};
			name = Debug;
		};
		8F053CC92A38B48D00BEDC34 /* Release */ = {
			isa = XCBuildConfiguration;
			buildSettings = {
				CODE_SIGN_STYLE = Automatic;
				COPY_HEADERS_RUN_UNIFDEF = NO;
				FRAMEWORK_SEARCH_PATHS = (
					"$(inherited)",
					"$(LOCAL_LIBRARY_DIR)/Frameworks",
				);
				GCC_NO_COMMON_BLOCKS = NO;
				PRODUCT_NAME = "$(TARGET_NAME)";
			};
			name = Release;
		};
/* End XCBuildConfiguration section */

/* Begin XCConfigurationList section */
		8F053CBB2A38B48D00BEDC34 /* Build configuration list for PBXProject "SDL_TEST" */ = {
			isa = XCConfigurationList;
			buildConfigurations = (
				8F053CC52A38B48D00BEDC34 /* Debug */,
				8F053CC62A38B48D00BEDC34 /* Release */,
			);
			defaultConfigurationIsVisible = 0;
			defaultConfigurationName = Release;
		};
		8F053CC72A38B48D00BEDC34 /* Build configuration list for PBXNativeTarget "SDL_TEST" */ = {
			isa = XCConfigurationList;
			buildConfigurations = (
				8F053CC82A38B48D00BEDC34 /* Debug */,
				8F053CC92A38B48D00BEDC34 /* Release */,
			);
			defaultConfigurationIsVisible = 0;
			defaultConfigurationName = Release;
		};
/* End XCConfigurationList section */
	};
	rootObject = 8F053CB82A38B48D00BEDC34 /* Project object */;
}
